
Microsoft Visual Studio Solution File, Format Version 12.00
# Visual Studio 15
VisualStudioVersion = 15.0.27428.2037
MinimumVisualStudioVersion = 10.0.40219.1
Project("{FAE04EC0-301F-11D3-BF4B-00C04F79EFBC}") = "LoanControllerApp.Android", "LoanControllerApp\LoanControllerApp.Android\LoanControllerApp.Android.csproj", "{DBC5B948-4450-4A42-9978-4AB3376EA129}"
EndProject
Project("{FAE04EC0-301F-11D3-BF4B-00C04F79EFBC}") = "LoanControllerApp.iOS", "LoanControllerApp\LoanControllerApp.iOS\LoanControllerApp.iOS.csproj", "{8641E342-06BA-4449-B400-DDF9393E1605}"
EndProject
Project("{FAE04EC0-301F-11D3-BF4B-00C04F79EFBC}") = "LoanControllerApp.UWP", "LoanControllerApp\LoanControllerApp.UWP\LoanControllerApp.UWP.csproj", "{6DE3D151-DBD1-4E84-8C08-83ED5A7B4F6F}"
EndProject
Project("{FAE04EC0-301F-11D3-BF4B-00C04F79EFBC}") = "LoanControllerApp", "LoanControllerApp\LoanControllerApp\LoanControllerApp.csproj", "{DC57245C-24FD-4877-9DFB-C0B40F48458E}"
EndProject
Global
	GlobalSection(SolutionConfigurationPlatforms) = preSolution
		Ad-Hoc|Any CPU = Ad-Hoc|Any CPU
		Ad-Hoc|ARM = Ad-Hoc|ARM
		Ad-Hoc|iPhone = Ad-Hoc|iPhone
		Ad-Hoc|iPhoneSimulator = Ad-Hoc|iPhoneSimulator
		Ad-Hoc|x64 = Ad-Hoc|x64
		Ad-Hoc|x86 = Ad-Hoc|x86
		AppStore|Any CPU = AppStore|Any CPU
		AppStore|ARM = AppStore|ARM
		AppStore|iPhone = AppStore|iPhone
		AppStore|iPhoneSimulator = AppStore|iPhoneSimulator
		AppStore|x64 = AppStore|x64
		AppStore|x86 = AppStore|x86
		Debug|Any CPU = Debug|Any CPU
		Debug|ARM = Debug|ARM
		Debug|iPhone = Debug|iPhone
		Debug|iPhoneSimulator = Debug|iPhoneSimulator
		Debug|x64 = Debug|x64
		Debug|x86 = Debug|x86
		Release|Any CPU = Release|Any CPU
		Release|ARM = Release|ARM
		Release|iPhone = Release|iPhone
		Release|iPhoneSimulator = Release|iPhoneSimulator
		Release|x64 = Release|x64
		Release|x86 = Release|x86
	EndGlobalSection
	GlobalSection(ProjectConfigurationPlatforms) = postSolution
		{DBC5B948-4450-4A42-9978-4AB3376EA129}.Ad-Hoc|Any CPU.ActiveCfg = Release|Any CPU
		{DBC5B948-4450-4A42-9978-4AB3376EA129}.Ad-Hoc|Any CPU.Build.0 = Release|Any CPU
		{DBC5B948-4450-4A42-9978-4AB3376EA129}.Ad-Hoc|Any CPU.Deploy.0 = Release|Any CPU
		{DBC5B948-4450-4A42-9978-4AB3376EA129}.Ad-Hoc|ARM.ActiveCfg = Release|Any CPU
		{DBC5B948-4450-4A42-9978-4AB3376EA129}.Ad-Hoc|ARM.Build.0 = Release|Any CPU
		{DBC5B948-4450-4A42-9978-4AB3376EA129}.Ad-Hoc|ARM.Deploy.0 = Release|Any CPU
		{DBC5B948-4450-4A42-9978-4AB3376EA129}.Ad-Hoc|iPhone.ActiveCfg = Release|Any CPU
		{DBC5B948-4450-4A42-9978-4AB3376EA129}.Ad-Hoc|iPhone.Build.0 = Release|Any CPU
		{DBC5B948-4450-4A42-9978-4AB3376EA129}.Ad-Hoc|iPhone.Deploy.0 = Release|Any CPU
		{DBC5B948-4450-4A42-9978-4AB3376EA129}.Ad-Hoc|iPhoneSimulator.ActiveCfg = Release|Any CPU
		{DBC5B948-4450-4A42-9978-4AB3376EA129}.Ad-Hoc|iPhoneSimulator.Build.0 = Release|Any CPU
		{DBC5B948-4450-4A42-9978-4AB3376EA129}.Ad-Hoc|iPhoneSimulator.Deploy.0 = Release|Any CPU
		{DBC5B948-4450-4A42-9978-4AB3376EA129}.Ad-Hoc|x64.ActiveCfg = Release|Any CPU
		{DBC5B948-4450-4A42-9978-4AB3376EA129}.Ad-Hoc|x64.Build.0 = Release|Any CPU
		{DBC5B948-4450-4A42-9978-4AB3376EA129}.Ad-Hoc|x64.Deploy.0 = Release|Any CPU
		{DBC5B948-4450-4A42-9978-4AB3376EA129}.Ad-Hoc|x86.ActiveCfg = Release|Any CPU
		{DBC5B948-4450-4A42-9978-4AB3376EA129}.Ad-Hoc|x86.Build.0 = Release|Any CPU
		{DBC5B948-4450-4A42-9978-4AB3376EA129}.Ad-Hoc|x86.Deploy.0 = Release|Any CPU
		{DBC5B948-4450-4A42-9978-4AB3376EA129}.AppStore|Any CPU.ActiveCfg = Release|Any CPU
		{DBC5B948-4450-4A42-9978-4AB3376EA129}.AppStore|Any CPU.Build.0 = Release|Any CPU
		{DBC5B948-4450-4A42-9978-4AB3376EA129}.AppStore|Any CPU.Deploy.0 = Release|Any CPU
		{DBC5B948-4450-4A42-9978-4AB3376EA129}.AppStore|ARM.ActiveCfg = Release|Any CPU
		{DBC5B948-4450-4A42-9978-4AB3376EA129}.AppStore|ARM.Build.0 = Release|Any CPU
		{DBC5B948-4450-4A42-9978-4AB3376EA129}.AppStore|ARM.Deploy.0 = Release|Any CPU
		{DBC5B948-4450-4A42-9978-4AB3376EA129}.AppStore|iPhone.ActiveCfg = Release|Any CPU
		{DBC5B948-4450-4A42-9978-4AB3376EA129}.AppStore|iPhone.Build.0 = Release|Any CPU
		{DBC5B948-4450-4A42-9978-4AB3376EA129}.AppStore|iPhone.Deploy.0 = Release|Any CPU
		{DBC5B948-4450-4A42-9978-4AB3376EA129}.AppStore|iPhoneSimulator.ActiveCfg = Release|Any CPU
		{DBC5B948-4450-4A42-9978-4AB3376EA129}.AppStore|iPhoneSimulator.Build.0 = Release|Any CPU
		{DBC5B948-4450-4A42-9978-4AB3376EA129}.AppStore|iPhoneSimulator.Deploy.0 = Release|Any CPU
		{DBC5B948-4450-4A42-9978-4AB3376EA129}.AppStore|x64.ActiveCfg = Release|Any CPU
		{DBC5B948-4450-4A42-9978-4AB3376EA129}.AppStore|x64.Build.0 = Release|Any CPU
		{DBC5B948-4450-4A42-9978-4AB3376EA129}.AppStore|x64.Deploy.0 = Release|Any CPU
		{DBC5B948-4450-4A42-9978-4AB3376EA129}.AppStore|x86.ActiveCfg = Release|Any CPU
		{DBC5B948-4450-4A42-9978-4AB3376EA129}.AppStore|x86.Build.0 = Release|Any CPU
		{DBC5B948-4450-4A42-9978-4AB3376EA129}.AppStore|x86.Deploy.0 = Release|Any CPU
		{DBC5B948-4450-4A42-9978-4AB3376EA129}.Debug|Any CPU.ActiveCfg = Debug|Any CPU
		{DBC5B948-4450-4A42-9978-4AB3376EA129}.Debug|Any CPU.Build.0 = Debug|Any CPU
		{DBC5B948-4450-4A42-9978-4AB3376EA129}.Debug|Any CPU.Deploy.0 = Debug|Any CPU
		{DBC5B948-4450-4A42-9978-4AB3376EA129}.Debug|ARM.ActiveCfg = Debug|Any CPU
		{DBC5B948-4450-4A42-9978-4AB3376EA129}.Debug|ARM.Build.0 = Debug|Any CPU
		{DBC5B948-4450-4A42-9978-4AB3376EA129}.Debug|ARM.Deploy.0 = Debug|Any CPU
		{DBC5B948-4450-4A42-9978-4AB3376EA129}.Debug|iPhone.ActiveCfg = Debug|Any CPU
		{DBC5B948-4450-4A42-9978-4AB3376EA129}.Debug|iPhone.Build.0 = Debug|Any CPU
		{DBC5B948-4450-4A42-9978-4AB3376EA129}.Debug|iPhone.Deploy.0 = Debug|Any CPU
		{DBC5B948-4450-4A42-9978-4AB3376EA129}.Debug|iPhoneSimulator.ActiveCfg = Debug|Any CPU
		{DBC5B948-4450-4A42-9978-4AB3376EA129}.Debug|iPhoneSimulator.Build.0 = Debug|Any CPU
		{DBC5B948-4450-4A42-9978-4AB3376EA129}.Debug|iPhoneSimulator.Deploy.0 = Debug|Any CPU
		{DBC5B948-4450-4A42-9978-4AB3376EA129}.Debug|x64.ActiveCfg = Debug|Any CPU
		{DBC5B948-4450-4A42-9978-4AB3376EA129}.Debug|x64.Build.0 = Debug|Any CPU
		{DBC5B948-4450-4A42-9978-4AB3376EA129}.Debug|x64.Deploy.0 = Debug|Any CPU
		{DBC5B948-4450-4A42-9978-4AB3376EA129}.Debug|x86.ActiveCfg = Debug|Any CPU
		{DBC5B948-4450-4A42-9978-4AB3376EA129}.Debug|x86.Build.0 = Debug|Any CPU
		{DBC5B948-4450-4A42-9978-4AB3376EA129}.Debug|x86.Deploy.0 = Debug|Any CPU
		{DBC5B948-4450-4A42-9978-4AB3376EA129}.Release|Any CPU.ActiveCfg = Release|Any CPU
		{DBC5B948-4450-4A42-9978-4AB3376EA129}.Release|Any CPU.Build.0 = Release|Any CPU
		{DBC5B948-4450-4A42-9978-4AB3376EA129}.Release|Any CPU.Deploy.0 = Release|Any CPU
		{DBC5B948-4450-4A42-9978-4AB3376EA129}.Release|ARM.ActiveCfg = Release|Any CPU
		{DBC5B948-4450-4A42-9978-4AB3376EA129}.Release|ARM.Build.0 = Release|Any CPU
		{DBC5B948-4450-4A42-9978-4AB3376EA129}.Release|ARM.Deploy.0 = Release|Any CPU
		{DBC5B948-4450-4A42-9978-4AB3376EA129}.Release|iPhone.ActiveCfg = Release|Any CPU
		{DBC5B948-4450-4A42-9978-4AB3376EA129}.Release|iPhone.Build.0 = Release|Any CPU
		{DBC5B948-4450-4A42-9978-4AB3376EA129}.Release|iPhone.Deploy.0 = Release|Any CPU
		{DBC5B948-4450-4A42-9978-4AB3376EA129}.Release|iPhoneSimulator.ActiveCfg = Release|Any CPU
		{DBC5B948-4450-4A42-9978-4AB3376EA129}.Release|iPhoneSimulator.Build.0 = Release|Any CPU
		{DBC5B948-4450-4A42-9978-4AB3376EA129}.Release|iPhoneSimulator.Deploy.0 = Release|Any CPU
		{DBC5B948-4450-4A42-9978-4AB3376EA129}.Release|x64.ActiveCfg = Release|Any CPU
		{DBC5B948-4450-4A42-9978-4AB3376EA129}.Release|x64.Build.0 = Release|Any CPU
		{DBC5B948-4450-4A42-9978-4AB3376EA129}.Release|x64.Deploy.0 = Release|Any CPU
		{DBC5B948-4450-4A42-9978-4AB3376EA129}.Release|x86.ActiveCfg = Release|Any CPU
		{DBC5B948-4450-4A42-9978-4AB3376EA129}.Release|x86.Build.0 = Release|Any CPU
		{DBC5B948-4450-4A42-9978-4AB3376EA129}.Release|x86.Deploy.0 = Release|Any CPU
		{8641E342-06BA-4449-B400-DDF9393E1605}.Ad-Hoc|Any CPU.ActiveCfg = Ad-Hoc|iPhone
		{8641E342-06BA-4449-B400-DDF9393E1605}.Ad-Hoc|ARM.ActiveCfg = Ad-Hoc|iPhone
		{8641E342-06BA-4449-B400-DDF9393E1605}.Ad-Hoc|iPhone.ActiveCfg = Ad-Hoc|iPhone
		{8641E342-06BA-4449-B400-DDF9393E1605}.Ad-Hoc|iPhone.Build.0 = Ad-Hoc|iPhone
		{8641E342-06BA-4449-B400-DDF9393E1605}.Ad-Hoc|iPhoneSimulator.ActiveCfg = Ad-Hoc|iPhoneSimulator
		{8641E342-06BA-4449-B400-DDF9393E1605}.Ad-Hoc|iPhoneSimulator.Build.0 = Ad-Hoc|iPhoneSimulator
		{8641E342-06BA-4449-B400-DDF9393E1605}.Ad-Hoc|x64.ActiveCfg = Ad-Hoc|iPhone
		{8641E342-06BA-4449-B400-DDF9393E1605}.Ad-Hoc|x86.ActiveCfg = Ad-Hoc|iPhone
		{8641E342-06BA-4449-B400-DDF9393E1605}.AppStore|Any CPU.ActiveCfg = AppStore|iPhone
		{8641E342-06BA-4449-B400-DDF9393E1605}.AppStore|ARM.ActiveCfg = AppStore|iPhone
		{8641E342-06BA-4449-B400-DDF9393E1605}.AppStore|iPhone.ActiveCfg = AppStore|iPhone
		{8641E342-06BA-4449-B400-DDF9393E1605}.AppStore|iPhone.Build.0 = AppStore|iPhone
		{8641E342-06BA-4449-B400-DDF9393E1605}.AppStore|iPhoneSimulator.ActiveCfg = AppStore|iPhoneSimulator
		{8641E342-06BA-4449-B400-DDF9393E1605}.AppStore|iPhoneSimulator.Build.0 = AppStore|iPhoneSimulator
		{8641E342-06BA-4449-B400-DDF9393E1605}.AppStore|x64.ActiveCfg = AppStore|iPhone
		{8641E342-06BA-4449-B400-DDF9393E1605}.AppStore|x86.ActiveCfg = AppStore|iPhone
		{8641E342-06BA-4449-B400-DDF9393E1605}.Debug|Any CPU.ActiveCfg = Debug|iPhone
		{8641E342-06BA-4449-B400-DDF9393E1605}.Debug|ARM.ActiveCfg = Debug|iPhone
		{8641E342-06BA-4449-B400-DDF9393E1605}.Debug|iPhone.ActiveCfg = Debug|iPhone
		{8641E342-06BA-4449-B400-DDF9393E1605}.Debug|iPhone.Build.0 = Debug|iPhone
		{8641E342-06BA-4449-B400-DDF9393E1605}.Debug|iPhoneSimulator.ActiveCfg = Debug|iPhoneSimulator
		{8641E342-06BA-4449-B400-DDF9393E1605}.Debug|iPhoneSimulator.Build.0 = Debug|iPhoneSimulator
		{8641E342-06BA-4449-B400-DDF9393E1605}.Debug|x64.ActiveCfg = Debug|iPhone
		{8641E342-06BA-4449-B400-DDF9393E1605}.Debug|x86.ActiveCfg = Debug|iPhone
		{8641E342-06BA-4449-B400-DDF9393E1605}.Release|Any CPU.ActiveCfg = Release|iPhone
		{8641E342-06BA-4449-B400-DDF9393E1605}.Release|ARM.ActiveCfg = Release|iPhone
		{8641E342-06BA-4449-B400-DDF9393E1605}.Release|iPhone.ActiveCfg = Release|iPhone
		{8641E342-06BA-4449-B400-DDF9393E1605}.Release|iPhone.Build.0 = Release|iPhone
		{8641E342-06BA-4449-B400-DDF9393E1605}.Release|iPhoneSimulator.ActiveCfg = Release|iPhoneSimulator
		{8641E342-06BA-4449-B400-DDF9393E1605}.Release|iPhoneSimulator.Build.0 = Release|iPhoneSimulator
		{8641E342-06BA-4449-B400-DDF9393E1605}.Release|x64.ActiveCfg = Release|iPhone
		{8641E342-06BA-4449-B400-DDF9393E1605}.Release|x86.ActiveCfg = Release|iPhone
		{6DE3D151-DBD1-4E84-8C08-83ED5A7B4F6F}.Ad-Hoc|Any CPU.ActiveCfg = Release|x86
		{6DE3D151-DBD1-4E84-8C08-83ED5A7B4F6F}.Ad-Hoc|Any CPU.Build.0 = Release|x86
		{6DE3D151-DBD1-4E84-8C08-83ED5A7B4F6F}.Ad-Hoc|Any CPU.Deploy.0 = Release|x86
		{6DE3D151-DBD1-4E84-8C08-83ED5A7B4F6F}.Ad-Hoc|ARM.ActiveCfg = Release|ARM
		{6DE3D151-DBD1-4E84-8C08-83ED5A7B4F6F}.Ad-Hoc|ARM.Build.0 = Release|ARM
		{6DE3D151-DBD1-4E84-8C08-83ED5A7B4F6F}.Ad-Hoc|ARM.Deploy.0 = Release|ARM
		{6DE3D151-DBD1-4E84-8C08-83ED5A7B4F6F}.Ad-Hoc|iPhone.ActiveCfg = Release|x86
		{6DE3D151-DBD1-4E84-8C08-83ED5A7B4F6F}.Ad-Hoc|iPhone.Build.0 = Release|x86
		{6DE3D151-DBD1-4E84-8C08-83ED5A7B4F6F}.Ad-Hoc|iPhone.Deploy.0 = Release|x86
		{6DE3D151-DBD1-4E84-8C08-83ED5A7B4F6F}.Ad-Hoc|iPhoneSimulator.ActiveCfg = Release|x86
		{6DE3D151-DBD1-4E84-8C08-83ED5A7B4F6F}.Ad-Hoc|iPhoneSimulator.Build.0 = Release|x86
		{6DE3D151-DBD1-4E84-8C08-83ED5A7B4F6F}.Ad-Hoc|iPhoneSimulator.Deploy.0 = Release|x86
		{6DE3D151-DBD1-4E84-8C08-83ED5A7B4F6F}.Ad-Hoc|x64.ActiveCfg = Release|x64
		{6DE3D151-DBD1-4E84-8C08-83ED5A7B4F6F}.Ad-Hoc|x64.Build.0 = Release|x64
		{6DE3D151-DBD1-4E84-8C08-83ED5A7B4F6F}.Ad-Hoc|x64.Deploy.0 = Release|x64
		{6DE3D151-DBD1-4E84-8C08-83ED5A7B4F6F}.Ad-Hoc|x86.ActiveCfg = Release|x86
		{6DE3D151-DBD1-4E84-8C08-83ED5A7B4F6F}.Ad-Hoc|x86.Build.0 = Release|x86
		{6DE3D151-DBD1-4E84-8C08-83ED5A7B4F6F}.Ad-Hoc|x86.Deploy.0 = Release|x86
		{6DE3D151-DBD1-4E84-8C08-83ED5A7B4F6F}.AppStore|Any CPU.ActiveCfg = Release|x86
		{6DE3D151-DBD1-4E84-8C08-83ED5A7B4F6F}.AppStore|Any CPU.Build.0 = Release|x86
		{6DE3D151-DBD1-4E84-8C08-83ED5A7B4F6F}.AppStore|Any CPU.Deploy.0 = Release|x86
		{6DE3D151-DBD1-4E84-8C08-83ED5A7B4F6F}.AppStore|ARM.ActiveCfg = Release|ARM
		{6DE3D151-DBD1-4E84-8C08-83ED5A7B4F6F}.AppStore|ARM.Build.0 = Release|ARM
		{6DE3D151-DBD1-4E84-8C08-83ED5A7B4F6F}.AppStore|ARM.Deploy.0 = Release|ARM
		{6DE3D151-DBD1-4E84-8C08-83ED5A7B4F6F}.AppStore|iPhone.ActiveCfg = Release|x86
		{6DE3D151-DBD1-4E84-8C08-83ED5A7B4F6F}.AppStore|iPhone.Build.0 = Release|x86
		{6DE3D151-DBD1-4E84-8C08-83ED5A7B4F6F}.AppStore|iPhone.Deploy.0 = Release|x86
		{6DE3D151-DBD1-4E84-8C08-83ED5A7B4F6F}.AppStore|iPhoneSimulator.ActiveCfg = Release|x86
		{6DE3D151-DBD1-4E84-8C08-83ED5A7B4F6F}.AppStore|iPhoneSimulator.Build.0 = Release|x86
		{6DE3D151-DBD1-4E84-8C08-83ED5A7B4F6F}.AppStore|iPhoneSimulator.Deploy.0 = Release|x86
		{6DE3D151-DBD1-4E84-8C08-83ED5A7B4F6F}.AppStore|x64.ActiveCfg = Release|x64
		{6DE3D151-DBD1-4E84-8C08-83ED5A7B4F6F}.AppStore|x64.Build.0 = Release|x64
		{6DE3D151-DBD1-4E84-8C08-83ED5A7B4F6F}.AppStore|x64.Deploy.0 = Release|x64
		{6DE3D151-DBD1-4E84-8C08-83ED5A7B4F6F}.AppStore|x86.ActiveCfg = Release|x86
		{6DE3D151-DBD1-4E84-8C08-83ED5A7B4F6F}.AppStore|x86.Build.0 = Release|x86
		{6DE3D151-DBD1-4E84-8C08-83ED5A7B4F6F}.AppStore|x86.Deploy.0 = Release|x86
		{6DE3D151-DBD1-4E84-8C08-83ED5A7B4F6F}.Debug|Any CPU.ActiveCfg = Debug|x86
		{6DE3D151-DBD1-4E84-8C08-83ED5A7B4F6F}.Debug|ARM.ActiveCfg = Debug|ARM
		{6DE3D151-DBD1-4E84-8C08-83ED5A7B4F6F}.Debug|ARM.Build.0 = Debug|ARM
		{6DE3D151-DBD1-4E84-8C08-83ED5A7B4F6F}.Debug|ARM.Deploy.0 = Debug|ARM
		{6DE3D151-DBD1-4E84-8C08-83ED5A7B4F6F}.Debug|iPhone.ActiveCfg = Debug|x86
		{6DE3D151-DBD1-4E84-8C08-83ED5A7B4F6F}.Debug|iPhoneSimulator.ActiveCfg = Debug|x86
		{6DE3D151-DBD1-4E84-8C08-83ED5A7B4F6F}.Debug|x64.ActiveCfg = Debug|x64
		{6DE3D151-DBD1-4E84-8C08-83ED5A7B4F6F}.Debug|x64.Build.0 = Debug|x64
		{6DE3D151-DBD1-4E84-8C08-83ED5A7B4F6F}.Debug|x64.Deploy.0 = Debug|x64
		{6DE3D151-DBD1-4E84-8C08-83ED5A7B4F6F}.Debug|x86.ActiveCfg = Debug|x86
		{6DE3D151-DBD1-4E84-8C08-83ED5A7B4F6F}.Debug|x86.Build.0 = Debug|x86
		{6DE3D151-DBD1-4E84-8C08-83ED5A7B4F6F}.Debug|x86.Deploy.0 = Debug|x86
		{6DE3D151-DBD1-4E84-8C08-83ED5A7B4F6F}.Release|Any CPU.ActiveCfg = Release|x86
		{6DE3D151-DBD1-4E84-8C08-83ED5A7B4F6F}.Release|ARM.ActiveCfg = Release|ARM
		{6DE3D151-DBD1-4E84-8C08-83ED5A7B4F6F}.Release|ARM.Build.0 = Release|ARM
		{6DE3D151-DBD1-4E84-8C08-83ED5A7B4F6F}.Release|ARM.Deploy.0 = Release|ARM
		{6DE3D151-DBD1-4E84-8C08-83ED5A7B4F6F}.Release|iPhone.ActiveCfg = Release|x86
		{6DE3D151-DBD1-4E84-8C08-83ED5A7B4F6F}.Release|iPhoneSimulator.ActiveCfg = Release|x86
		{6DE3D151-DBD1-4E84-8C08-83ED5A7B4F6F}.Release|x64.ActiveCfg = Release|x64
		{6DE3D151-DBD1-4E84-8C08-83ED5A7B4F6F}.Release|x64.Build.0 = Release|x64
		{6DE3D151-DBD1-4E84-8C08-83ED5A7B4F6F}.Release|x64.Deploy.0 = Release|x64
		{6DE3D151-DBD1-4E84-8C08-83ED5A7B4F6F}.Release|x86.ActiveCfg = Release|x86
		{6DE3D151-DBD1-4E84-8C08-83ED5A7B4F6F}.Release|x86.Build.0 = Release|x86
		{6DE3D151-DBD1-4E84-8C08-83ED5A7B4F6F}.Release|x86.Deploy.0 = Release|x86
		{DC57245C-24FD-4877-9DFB-C0B40F48458E}.Ad-Hoc|Any CPU.ActiveCfg = Debug|Any CPU
		{DC57245C-24FD-4877-9DFB-C0B40F48458E}.Ad-Hoc|Any CPU.Build.0 = Debug|Any CPU
		{DC57245C-24FD-4877-9DFB-C0B40F48458E}.Ad-Hoc|ARM.ActiveCfg = Debug|Any CPU
		{DC57245C-24FD-4877-9DFB-C0B40F48458E}.Ad-Hoc|ARM.Build.0 = Debug|Any CPU
		{DC57245C-24FD-4877-9DFB-C0B40F48458E}.Ad-Hoc|iPhone.ActiveCfg = Debug|Any CPU
		{DC57245C-24FD-4877-9DFB-C0B40F48458E}.Ad-Hoc|iPhone.Build.0 = Debug|Any CPU
		{DC57245C-24FD-4877-9DFB-C0B40F48458E}.Ad-Hoc|iPhoneSimulator.ActiveCfg = Debug|Any CPU
		{DC57245C-24FD-4877-9DFB-C0B40F48458E}.Ad-Hoc|iPhoneSimulator.Build.0 = Debug|Any CPU
		{DC57245C-24FD-4877-9DFB-C0B40F48458E}.Ad-Hoc|x64.ActiveCfg = Debug|Any CPU
		{DC57245C-24FD-4877-9DFB-C0B40F48458E}.Ad-Hoc|x64.Build.0 = Debug|Any CPU
		{DC57245C-24FD-4877-9DFB-C0B40F48458E}.Ad-Hoc|x86.ActiveCfg = Debug|Any CPU
		{DC57245C-24FD-4877-9DFB-C0B40F48458E}.Ad-Hoc|x86.Build.0 = Debug|Any CPU
		{DC57245C-24FD-4877-9DFB-C0B40F48458E}.AppStore|Any CPU.ActiveCfg = Debug|Any CPU
		{DC57245C-24FD-4877-9DFB-C0B40F48458E}.AppStore|Any CPU.Build.0 = Debug|Any CPU
		{DC57245C-24FD-4877-9DFB-C0B40F48458E}.AppStore|ARM.ActiveCfg = Debug|Any CPU
		{DC57245C-24FD-4877-9DFB-C0B40F48458E}.AppStore|ARM.Build.0 = Debug|Any CPU
		{DC57245C-24FD-4877-9DFB-C0B40F48458E}.AppStore|iPhone.ActiveCfg = Debug|Any CPU
		{DC57245C-24FD-4877-9DFB-C0B40F48458E}.AppStore|iPhone.Build.0 = Debug|Any CPU
		{DC57245C-24FD-4877-9DFB-C0B40F48458E}.AppStore|iPhoneSimulator.ActiveCfg = Debug|Any CPU
		{DC57245C-24FD-4877-9DFB-C0B40F48458E}.AppStore|iPhoneSimulator.Build.0 = Debug|Any CPU
		{DC57245C-24FD-4877-9DFB-C0B40F48458E}.AppStore|x64.ActiveCfg = Debug|Any CPU
		{DC57245C-24FD-4877-9DFB-C0B40F48458E}.AppStore|x64.Build.0 = Debug|Any CPU
		{DC57245C-24FD-4877-9DFB-C0B40F48458E}.AppStore|x86.ActiveCfg = Debug|Any CPU
		{DC57245C-24FD-4877-9DFB-C0B40F48458E}.AppStore|x86.Build.0 = Debug|Any CPU
		{DC57245C-24FD-4877-9DFB-C0B40F48458E}.Debug|Any CPU.ActiveCfg = Debug|Any CPU
		{DC57245C-24FD-4877-9DFB-C0B40F48458E}.Debug|Any CPU.Build.0 = Debug|Any CPU
		{DC57245C-24FD-4877-9DFB-C0B40F48458E}.Debug|ARM.ActiveCfg = Debug|Any CPU
		{DC57245C-24FD-4877-9DFB-C0B40F48458E}.Debug|ARM.Build.0 = Debug|Any CPU
		{DC57245C-24FD-4877-9DFB-C0B40F48458E}.Debug|iPhone.ActiveCfg = Debug|Any CPU
		{DC57245C-24FD-4877-9DFB-C0B40F48458E}.Debug|iPhone.Build.0 = Debug|Any CPU
		{DC57245C-24FD-4877-9DFB-C0B40F48458E}.Debug|iPhoneSimulator.ActiveCfg = Debug|Any CPU
		{DC57245C-24FD-4877-9DFB-C0B40F48458E}.Debug|iPhoneSimulator.Build.0 = Debug|Any CPU
		{DC57245C-24FD-4877-9DFB-C0B40F48458E}.Debug|x64.ActiveCfg = Debug|Any CPU
		{DC57245C-24FD-4877-9DFB-C0B40F48458E}.Debug|x64.Build.0 = Debug|Any CPU
		{DC57245C-24FD-4877-9DFB-C0B40F48458E}.Debug|x86.ActiveCfg = Debug|Any CPU
		{DC57245C-24FD-4877-9DFB-C0B40F48458E}.Debug|x86.Build.0 = Debug|Any CPU
		{DC57245C-24FD-4877-9DFB-C0B40F48458E}.Release|Any CPU.ActiveCfg = Release|Any CPU
		{DC57245C-24FD-4877-9DFB-C0B40F48458E}.Release|Any CPU.Build.0 = Release|Any CPU
		{DC57245C-24FD-4877-9DFB-C0B40F48458E}.Release|ARM.ActiveCfg = Release|Any CPU
		{DC57245C-24FD-4877-9DFB-C0B40F48458E}.Release|ARM.Build.0 = Release|Any CPU
		{DC57245C-24FD-4877-9DFB-C0B40F48458E}.Release|iPhone.ActiveCfg = Release|Any CPU
		{DC57245C-24FD-4877-9DFB-C0B40F48458E}.Release|iPhone.Build.0 = Release|Any CPU
		{DC57245C-24FD-4877-9DFB-C0B40F48458E}.Release|iPhoneSimulator.ActiveCfg = Release|Any CPU
		{DC57245C-24FD-4877-9DFB-C0B40F48458E}.Release|iPhoneSimulator.Build.0 = Release|Any CPU
		{DC57245C-24FD-4877-9DFB-C0B40F48458E}.Release|x64.ActiveCfg = Release|Any CPU
		{DC57245C-24FD-4877-9DFB-C0B40F48458E}.Release|x64.Build.0 = Release|Any CPU
		{DC57245C-24FD-4877-9DFB-C0B40F48458E}.Release|x86.ActiveCfg = Release|Any CPU
		{DC57245C-24FD-4877-9DFB-C0B40F48458E}.Release|x86.Build.0 = Release|Any CPU
	EndGlobalSection
	GlobalSection(SolutionProperties) = preSolution
		HideSolutionNode = FALSE
	EndGlobalSection
	GlobalSection(ExtensibilityGlobals) = postSolution
		SolutionGuid = {8221ACD7-1426-489A-B5EA-2AFDAB3894F8}
	EndGlobalSection
EndGlobal
