
Microsoft Visual Studio Solution File, Format Version 12.00
# Visual Studio 15
VisualStudioVersion = 15.0.27428.2037
MinimumVisualStudioVersion = 10.0.40219.1
Project("{FAE04EC0-301F-11D3-BF4B-00C04F79EFBC}") = "LoanControllerAPI", "LoanControllerAPI\LoanControllerAPI.csproj", "{DA0FF2D0-FEED-4DAD-97AA-F2A0E2073F69}"
EndProject
Global
	GlobalSection(SolutionConfigurationPlatforms) = preSolution
		Debug|Any CPU = Debug|Any CPU
		Release|Any CPU = Release|Any CPU
	EndGlobalSection
	GlobalSection(ProjectConfigurationPlatforms) = postSolution
		{DA0FF2D0-FEED-4DAD-97AA-F2A0E2073F69}.Debug|Any CPU.ActiveCfg = Debug|Any CPU
		{DA0FF2D0-FEED-4DAD-97AA-F2A0E2073F69}.Debug|Any CPU.Build.0 = Debug|Any CPU
		{DA0FF2D0-FEED-4DAD-97AA-F2A0E2073F69}.Release|Any CPU.ActiveCfg = Release|Any CPU
		{DA0FF2D0-FEED-4DAD-97AA-F2A0E2073F69}.Release|Any CPU.Build.0 = Release|Any CPU
	EndGlobalSection
	GlobalSection(SolutionProperties) = preSolution
		HideSolutionNode = FALSE
	EndGlobalSection
	GlobalSection(ExtensibilityGlobals) = postSolution
		SolutionGuid = {D9848AF8-BD06-4A2D-9E80-0654F9B79E2C}
	EndGlobalSection
EndGlobal
